
Microsoft Visual Studio Solution File, Format Version 12.00
# Visual Studio Version 17
VisualStudioVersion = 17.0.31919.166
MinimumVisualStudioVersion = 10.0.40219.1
Project("{FAE04EC0-301F-11D3-BF4B-00C04F79EFBC}") = "MVZAssigner", "zuordnung test\MVZAssigner.csproj", "{A08857E0-5DFE-41B3-8AED-B1216D68E565}"
EndProject
Project("{54435603-DBB4-11D2-8724-00A0C9A8B90C}") = "Setup1", "Setup1\Setup1.vdproj", "{E45D5D4F-E668-42B5-BB72-CABB825D7FBA}"
EndProject
Global
	GlobalSection(SolutionConfigurationPlatforms) = preSolution
		Debug|Any CPU = Debug|Any CPU
		Release|Any CPU = Release|Any CPU
	EndGlobalSection
	GlobalSection(ProjectConfigurationPlatforms) = postSolution
		{A08857E0-5DFE-41B3-8AED-B1216D68E565}.Debug|Any CPU.ActiveCfg = Debug|Any CPU
		{A08857E0-5DFE-41B3-8AED-B1216D68E565}.Debug|Any CPU.Build.0 = Debug|Any CPU
		{A08857E0-5DFE-41B3-8AED-B1216D68E565}.Release|Any CPU.ActiveCfg = Release|Any CPU
		{A08857E0-5DFE-41B3-8AED-B1216D68E565}.Release|Any CPU.Build.0 = Release|Any CPU
		{E45D5D4F-E668-42B5-BB72-CABB825D7FBA}.Debug|Any CPU.ActiveCfg = Debug
		{E45D5D4F-E668-42B5-BB72-CABB825D7FBA}.Release|Any CPU.ActiveCfg = Release
	EndGlobalSection
	GlobalSection(SolutionProperties) = preSolution
		HideSolutionNode = FALSE
	EndGlobalSection
	GlobalSection(ExtensibilityGlobals) = postSolution
		SolutionGuid = {BFA861D8-F39B-4288-9828-6BC337A57870}
	EndGlobalSection
EndGlobal
